github.com/spaolacci/murmur3 v1.1.0 h1:7c1g84S4BPRrfL5Xrdp6fOJ206sU9y293DDHaoy0bLI=
github.com/spaolacci/murmur3 v1.1.0/go.mod h1:JwIasOWyU6f++ZhiEuf87xNszmSA2myDM2Kzu9HwQUA=
github.com/xwi88/split v0.0.1 h1:2saDk0pa2Lopd5FDlpDF70GDSHpIvXKxb/144MTo9rQ=
github.com/xwi88/split v0.0.1/go.mod h1:QlH2dRcGBbmorm7mKkOBBAs/looZpTSM+4h9eQuKJC4=
